<?xml version="1.0" encoding="utf-8"?>
<Project ToolsVersion="4.0" xmlns="http://schemas.microsoft.com/developer/msbuild/2003">
  <ItemGroup>
    <Filter Include="src">
      <UniqueIdentifier>{c2fde9a2-52fe-44c9-9901-50613dbb3817}</UniqueIdentifier>
    </Filter>
    <Filter Include="shared">
      <UniqueIdentifier>{6eeb343d-445a-4f05-860f-b43cc534ca67}</UniqueIdentifier>
    </Filter>
    <Filter Include="utl">
      <UniqueIdentifier>{d16f21a6-6e10-431b-8bd4-37982167e907}</UniqueIdentifier>
    </Filter>
  </ItemGroup>
  <ItemGroup>
    <ClCompile Include="..\..\..\bella_utl\Utl_File.cpp">
      <Filter>utl</Filter>
    </ClCompile>
    <ClCompile Include="..\..\..\bella_utl\Utl_FileBrowserDialog.cpp">
      <Filter>utl</Filter>
    </ClCompile>
    <ClCompile Include="..\..\..\bella_utl\Utl_FileStreamHandler.cpp">
      <Filter>utl</Filter>
    </ClCompile>
    <ClCompile Include="..\..\..\bella_utl\Utl_LogMsg.cpp">
      <Filter>utl</Filter>
    </ClCompile>
    <ClCompile Include="..\..\..\bella_utl\Utl_Math.cpp">
      <Filter>utl</Filter>
    </ClCompile>
    <ClCompile Include="..\common\shared\Camera.cpp">
      <Filter>shared</Filter>
    </ClCompile>
    <ClCompile Include="..\common\shared\D3DSystem.cpp">
      <Filter>shared</Filter>
    </ClCompile>
    <ClCompile Include="..\common\shared\Geometry.cpp">
      <Filter>shared</Filter>
    </ClCompile>
    <ClCompile Include="..\common\shared\Graphics.cpp">
      <Filter>shared</Filter>
    </ClCompile>
    <ClCompile Include="..\common\shared\Input.cpp">
      <Filter>shared</Filter>
    </ClCompile>
    <ClCompile Include="..\common\shared\Object.cpp">
      <Filter>shared</Filter>
    </ClCompile>
    <ClCompile Include="..\common\shared\Shader.cpp">
      <Filter>shared</Filter>
    </ClCompile>
    <ClCompile Include="..\common\shared\System.cpp">
      <Filter>shared</Filter>
    </ClCompile>
    <ClCompile Include="..\common\shared\View.cpp">
      <Filter>shared</Filter>
    </ClCompile>
    <ClCompile Include="..\00_test\main.cpp">
      <Filter>src</Filter>
    </ClCompile>
    <ClCompile Include="..\00_test\TestApp.cpp">
      <Filter>src</Filter>
    </ClCompile>
    <ClCompile Include="..\common\shared\FPS.cpp">
      <Filter>shared</Filter>
    </ClCompile>
    <ClCompile Include="..\common\shared\MeshGen.cpp">
      <Filter>shared</Filter>
    </ClCompile>
    <ClCompile Include="..\common\shared\GeoGenerator.cpp">
      <Filter>shared</Filter>
    </ClCompile>
  </ItemGroup>
  <ItemGroup>
    <ClInclude Include="..\..\..\bella_utl\Utl_File.h">
      <Filter>utl</Filter>
    </ClInclude>
    <ClInclude Include="..\..\..\bella_utl\Utl_FileBrowserDialog.h">
      <Filter>utl</Filter>
    </ClInclude>
    <ClInclude Include="..\..\..\bella_utl\Utl_FileStreamHandler.h">
      <Filter>utl</Filter>
    </ClInclude>
    <ClInclude Include="..\..\..\bella_utl\Utl_Global.h">
      <Filter>utl</Filter>
    </ClInclude>
    <ClInclude Include="..\..\..\bella_utl\Utl_Include.h">
      <Filter>utl</Filter>
    </ClInclude>
    <ClInclude Include="..\..\..\bella_utl\Utl_LogMsg.h">
      <Filter>utl</Filter>
    </ClInclude>
    <ClInclude Include="..\..\..\bella_utl\Utl_Math.h">
      <Filter>utl</Filter>
    </ClInclude>
    <ClInclude Include="..\..\..\bella_utl\Utl_Time.h">
      <Filter>utl</Filter>
    </ClInclude>
    <ClInclude Include="..\common\shared\Camera.h">
      <Filter>shared</Filter>
    </ClInclude>
    <ClInclude Include="..\common\shared\D3DSystem.h">
      <Filter>shared</Filter>
    </ClInclude>
    <ClInclude Include="..\common\shared\Geometry.h">
      <Filter>shared</Filter>
    </ClInclude>
    <ClInclude Include="..\common\shared\Graphics.h">
      <Filter>shared</Filter>
    </ClInclude>
    <ClInclude Include="..\common\shared\Input.h">
      <Filter>shared</Filter>
    </ClInclude>
    <ClInclude Include="..\common\shared\Object.h">
      <Filter>shared</Filter>
    </ClInclude>
    <ClInclude Include="..\common\shared\Shader.h">
      <Filter>shared</Filter>
    </ClInclude>
    <ClInclude Include="..\common\shared\System.h">
      <Filter>shared</Filter>
    </ClInclude>
    <ClInclude Include="..\common\shared\View.h">
      <Filter>shared</Filter>
    </ClInclude>
    <ClInclude Include="..\00_test\TestApp.h">
      <Filter>src</Filter>
    </ClInclude>
    <ClInclude Include="..\common\shared\DefineMain.h">
      <Filter>shared</Filter>
    </ClInclude>
    <ClInclude Include="..\common\shared\FPS.h">
      <Filter>shared</Filter>
    </ClInclude>
    <ClInclude Include="..\common\shared\MeshGen.h">
      <Filter>shared</Filter>
    </ClInclude>
    <ClInclude Include="..\common\shared\GeoGenerator.h">
      <Filter>shared</Filter>
    </ClInclude>
  </ItemGroup>
  <ItemGroup>
    <None Include="..\common\shared\InputKeys.items">
      <Filter>shared</Filter>
    </None>
  </ItemGroup>
</Project>